// !$*UTF8*$!
{
	archiveVersion = 1;
	classes = {
	};
	objectVersion = 55;
	objects = {

/* Begin PBXBuildFile section */
		0B01D6A6292F8F1600A6F202 /* AppDelegate.swift in Sources */ = {isa = PBXBuildFile; fileRef = 0B01D6A5292F8F1600A6F202 /* AppDelegate.swift */; };
		0B01D6A8292F8F1600A6F202 /* SceneDelegate.swift in Sources */ = {isa = PBXBuildFile; fileRef = 0B01D6A7292F8F1600A6F202 /* SceneDelegate.swift */; };
		0B01D6AD292F8F1600A6F202 /* Main.storyboard in Resources */ = {isa = PBXBuildFile; fileRef = 0B01D6AB292F8F1600A6F202 /* Main.storyboard */; };
		0B01D6AF292F8F1A00A6F202 /* Assets.xcassets in Resources */ = {isa = PBXBuildFile; fileRef = 0B01D6AE292F8F1A00A6F202 /* Assets.xcassets */; };
		0B01D6B2292F8F1A00A6F202 /* LaunchScreen.storyboard in Resources */ = {isa = PBXBuildFile; fileRef = 0B01D6B0292F8F1A00A6F202 /* LaunchScreen.storyboard */; };
		0B01D6BA292F917100A6F202 /* GoodNewsTableViewController.swift in Sources */ = {isa = PBXBuildFile; fileRef = 0B01D6B9292F917100A6F202 /* GoodNewsTableViewController.swift */; };
		0BEEBCB9292FDCC900DC3844 /* Article.swift in Sources */ = {isa = PBXBuildFile; fileRef = 0BEEBCB8292FDCC900DC3844 /* Article.swift */; };
		0BEEBCBE292FF62900DC3844 /* ArticleTableViewCell.swift in Sources */ = {isa = PBXBuildFile; fileRef = 0BEEBCBD292FF62900DC3844 /* ArticleTableViewCell.swift */; };
		0BEEBCC0292FFC8200DC3844 /* URLRequest + Ext.swift in Sources */ = {isa = PBXBuildFile; fileRef = 0BEEBCBF292FFC8200DC3844 /* URLRequest + Ext.swift */; };
		0BF77292296DD53A00A1AA0D /* ArticleViewModel.swift in Sources */ = {isa = PBXBuildFile; fileRef = 0BF77291296DD53A00A1AA0D /* ArticleViewModel.swift */; };
		4A61D60E683404EE49D07BA6 /* Pods_GoodNews.framework in Frameworks */ = {isa = PBXBuildFile; fileRef = 60CA83D061FDA23A7E8052DD /* Pods_GoodNews.framework */; };
/* End PBXBuildFile section */

/* Begin PBXFileReference section */
		0B01D6A2292F8F1600A6F202 /* GoodNews.app */ = {isa = PBXFileReference; explicitFileType = wrapper.application; includeInIndex = 0; path = GoodNews.app; sourceTree = BUILT_PRODUCTS_DIR; };
		0B01D6A5292F8F1600A6F202 /* AppDelegate.swift */ = {isa = PBXFileReference; lastKnownFileType = sourcecode.swift; path = AppDelegate.swift; sourceTree = "<group>"; };
		0B01D6A7292F8F1600A6F202 /* SceneDelegate.swift */ = {isa = PBXFileReference; lastKnownFileType = sourcecode.swift; path = SceneDelegate.swift; sourceTree = "<group>"; };
		0B01D6AC292F8F1600A6F202 /* Base */ = {isa = PBXFileReference; lastKnownFileType = file.storyboard; name = Base; path = Base.lproj/Main.storyboard; sourceTree = "<group>"; };
		0B01D6AE292F8F1A00A6F202 /* Assets.xcassets */ = {isa = PBXFileReference; lastKnownFileType = folder.assetcatalog; path = Assets.xcassets; sourceTree = "<group>"; };
		0B01D6B1292F8F1A00A6F202 /* Base */ = {isa = PBXFileReference; lastKnownFileType = file.storyboard; name = Base; path = Base.lproj/LaunchScreen.storyboard; sourceTree = "<group>"; };
		0B01D6B3292F8F1A00A6F202 /* Info.plist */ = {isa = PBXFileReference; lastKnownFileType = text.plist.xml; path = Info.plist; sourceTree = "<group>"; };
		0B01D6B9292F917100A6F202 /* GoodNewsTableViewController.swift */ = {isa = PBXFileReference; lastKnownFileType = sourcecode.swift; path = GoodNewsTableViewController.swift; sourceTree = "<group>"; };
		0BEEBCB8292FDCC900DC3844 /* Article.swift */ = {isa = PBXFileReference; lastKnownFileType = sourcecode.swift; path = Article.swift; sourceTree = "<group>"; };
		0BEEBCBD292FF62900DC3844 /* ArticleTableViewCell.swift */ = {isa = PBXFileReference; lastKnownFileType = sourcecode.swift; path = ArticleTableViewCell.swift; sourceTree = "<group>"; };
		0BEEBCBF292FFC8200DC3844 /* URLRequest + Ext.swift */ = {isa = PBXFileReference; lastKnownFileType = sourcecode.swift; path = "URLRequest + Ext.swift"; sourceTree = "<group>"; };
		0BF77291296DD53A00A1AA0D /* ArticleViewModel.swift */ = {isa = PBXFileReference; lastKnownFileType = sourcecode.swift; path = ArticleViewModel.swift; sourceTree = "<group>"; };
		3B9E04ABCBBCBB4F50E8FE2C /* Pods-GoodNews.release.xcconfig */ = {isa = PBXFileReference; includeInIndex = 1; lastKnownFileType = text.xcconfig; name = "Pods-GoodNews.release.xcconfig"; path = "Target Support Files/Pods-GoodNews/Pods-GoodNews.release.xcconfig"; sourceTree = "<group>"; };
		60CA83D061FDA23A7E8052DD /* Pods_GoodNews.framework */ = {isa = PBXFileReference; explicitFileType = wrapper.framework; includeInIndex = 0; path = Pods_GoodNews.framework; sourceTree = BUILT_PRODUCTS_DIR; };
		C4C71683E7F4C30DDD8CE3B8 /* Pods-GoodNews.debug.xcconfig */ = {isa = PBXFileReference; includeInIndex = 1; lastKnownFileType = text.xcconfig; name = "Pods-GoodNews.debug.xcconfig"; path = "Target Support Files/Pods-GoodNews/Pods-GoodNews.debug.xcconfig"; sourceTree = "<group>"; };
/* End PBXFileReference section */

/* Begin PBXFrameworksBuildPhase section */
		0B01D69F292F8F1600A6F202 /* Frameworks */ = {
			isa = PBXFrameworksBuildPhase;
			buildActionMask = 2147483647;
			files = (
				4A61D60E683404EE49D07BA6 /* Pods_GoodNews.framework in Frameworks */,
			);
			runOnlyForDeploymentPostprocessing = 0;
		};
/* End PBXFrameworksBuildPhase section */

/* Begin PBXGroup section */
		0B01D699292F8F1600A6F202 = {
			isa = PBXGroup;
			children = (
				0B01D6A4292F8F1600A6F202 /* GoodNews */,
				0B01D6A3292F8F1600A6F202 /* Products */,
				9A2182B609743DF898BF7737 /* Pods */,
				FC438F2963BCE31174C8CA03 /* Frameworks */,
			);
			sourceTree = "<group>";
		};
		0B01D6A3292F8F1600A6F202 /* Products */ = {
			isa = PBXGroup;
			children = (
				0B01D6A2292F8F1600A6F202 /* GoodNews.app */,
			);
			name = Products;
			sourceTree = "<group>";
		};
		0B01D6A4292F8F1600A6F202 /* GoodNews */ = {
			isa = PBXGroup;
			children = (
				0BF7728F296DD4AC00A1AA0D /* Extensions */,
				0BEEBCB7292FDCBF00DC3844 /* Models */,
				0BF77290296DD51100A1AA0D /* View Models */,
				0BF7728D296DD47800A1AA0D /* Views */,
				0BF7728E296DD4A100A1AA0D /* App */,
				0B01D6AB292F8F1600A6F202 /* Main.storyboard */,
				0B01D6AE292F8F1A00A6F202 /* Assets.xcassets */,
				0B01D6B0292F8F1A00A6F202 /* LaunchScreen.storyboard */,
				0B01D6B3292F8F1A00A6F202 /* Info.plist */,
			);
			path = GoodNews;
			sourceTree = "<group>";
		};
		0BEEBCB7292FDCBF00DC3844 /* Models */ = {
			isa = PBXGroup;
			children = (
				0BEEBCB8292FDCC900DC3844 /* Article.swift */,
			);
			path = Models;
			sourceTree = "<group>";
		};
		0BF7728D296DD47800A1AA0D /* Views */ = {
			isa = PBXGroup;
			children = (
				0BEEBCBD292FF62900DC3844 /* ArticleTableViewCell.swift */,
				0B01D6B9292F917100A6F202 /* GoodNewsTableViewController.swift */,
			);
			path = Views;
			sourceTree = "<group>";
		};
		0BF7728E296DD4A100A1AA0D /* App */ = {
			isa = PBXGroup;
			children = (
				0B01D6A5292F8F1600A6F202 /* AppDelegate.swift */,
				0B01D6A7292F8F1600A6F202 /* SceneDelegate.swift */,
			);
			path = App;
			sourceTree = "<group>";
		};
		0BF7728F296DD4AC00A1AA0D /* Extensions */ = {
			isa = PBXGroup;
			children = (
				0BEEBCBF292FFC8200DC3844 /* URLRequest + Ext.swift */,
			);
			path = Extensions;
			sourceTree = "<group>";
		};
		0BF77290296DD51100A1AA0D /* View Models */ = {
			isa = PBXGroup;
			children = (
				0BF77291296DD53A00A1AA0D /* ArticleViewModel.swift */,
			);
			path = "View Models";
			sourceTree = "<group>";
		};
		9A2182B609743DF898BF7737 /* Pods */ = {
			isa = PBXGroup;
			children = (
				C4C71683E7F4C30DDD8CE3B8 /* Pods-GoodNews.debug.xcconfig */,
				3B9E04ABCBBCBB4F50E8FE2C /* Pods-GoodNews.release.xcconfig */,
			);
			path = Pods;
			sourceTree = "<group>";
		};
		FC438F2963BCE31174C8CA03 /* Frameworks */ = {
			isa = PBXGroup;
			children = (
				60CA83D061FDA23A7E8052DD /* Pods_GoodNews.framework */,
			);
			name = Frameworks;
			sourceTree = "<group>";
		};
/* End PBXGroup section */

/* Begin PBXNativeTarget section */
		0B01D6A1292F8F1600A6F202 /* GoodNews */ = {
			isa = PBXNativeTarget;
			buildConfigurationList = 0B01D6B6292F8F1A00A6F202 /* Build configuration list for PBXNativeTarget "GoodNews" */;
			buildPhases = (
				9441B05D0428E25E49B27BB1 /* [CP] Check Pods Manifest.lock */,
				0B01D69E292F8F1600A6F202 /* Sources */,
				0B01D69F292F8F1600A6F202 /* Frameworks */,
				0B01D6A0292F8F1600A6F202 /* Resources */,
				FFAF722D0B05DA84AA00DE39 /* [CP] Embed Pods Frameworks */,
			);
			buildRules = (
			);
			dependencies = (
			);
			name = GoodNews;
			productName = GoodNews;
			productReference = 0B01D6A2292F8F1600A6F202 /* GoodNews.app */;
			productType = "com.apple.product-type.application";
		};
/* End PBXNativeTarget section */

/* Begin PBXProject section */
		0B01D69A292F8F1600A6F202 /* Project object */ = {
			isa = PBXProject;
			attributes = {
				BuildIndependentTargetsInParallel = 1;
				LastSwiftUpdateCheck = 1400;
				LastUpgradeCheck = 1400;
				TargetAttributes = {
					0B01D6A1292F8F1600A6F202 = {
						CreatedOnToolsVersion = 14.0.1;
					};
				};
			};
			buildConfigurationList = 0B01D69D292F8F1600A6F202 /* Build configuration list for PBXProject "GoodNews" */;
			compatibilityVersion = "Xcode 13.0";
			developmentRegion = en;
			hasScannedForEncodings = 0;
			knownRegions = (
				en,
				Base,
			);
			mainGroup = 0B01D699292F8F1600A6F202;
			productRefGroup = 0B01D6A3292F8F1600A6F202 /* Products */;
			projectDirPath = "";
			projectRoot = "";
			targets = (
				0B01D6A1292F8F1600A6F202 /* GoodNews */,
			);
		};
/* End PBXProject section */

/* Begin PBXResourcesBuildPhase section */
		0B01D6A0292F8F1600A6F202 /* Resources */ = {
			isa = PBXResourcesBuildPhase;
			buildActionMask = 2147483647;
			files = (
				0B01D6B2292F8F1A00A6F202 /* LaunchScreen.storyboard in Resources */,
				0B01D6AF292F8F1A00A6F202 /* Assets.xcassets in Resources */,
				0B01D6AD292F8F1600A6F202 /* Main.storyboard in Resources */,
			);
			runOnlyForDeploymentPostprocessing = 0;
		};
/* End PBXResourcesBuildPhase section */

/* Begin PBXShellScriptBuildPhase section */
		9441B05D0428E25E49B27BB1 /* [CP] Check Pods Manifest.lock */ = {
			isa = PBXShellScriptBuildPhase;
			buildActionMask = 2147483647;
			files = (
			);
			inputFileListPaths = (
			);
			inputPaths = (
				"${PODS_PODFILE_DIR_PATH}/Podfile.lock",
				"${PODS_ROOT}/Manifest.lock",
			);
			name = "[CP] Check Pods Manifest.lock";
			outputFileListPaths = (
			);
			outputPaths = (
				"$(DERIVED_FILE_DIR)/Pods-GoodNews-checkManifestLockResult.txt",
			);
			runOnlyForDeploymentPostprocessing = 0;
			shellPath = /bin/sh;
			shellScript = "diff \"${PODS_PODFILE_DIR_PATH}/Podfile.lock\" \"${PODS_ROOT}/Manifest.lock\" > /dev/null\nif [ $? != 0 ] ; then\n    # print error to STDERR\n    echo \"error: The sandbox is not in sync with the Podfile.lock. Run 'pod install' or update your CocoaPods installation.\" >&2\n    exit 1\nfi\n# This output is used by Xcode 'outputs' to avoid re-running this script phase.\necho \"SUCCESS\" > \"${SCRIPT_OUTPUT_FILE_0}\"\n";
			showEnvVarsInLog = 0;
		};
		FFAF722D0B05DA84AA00DE39 /* [CP] Embed Pods Frameworks */ = {
			isa = PBXShellScriptBuildPhase;
			buildActionMask = 2147483647;
			files = (
			);
			inputFileListPaths = (
				"${PODS_ROOT}/Target Support Files/Pods-GoodNews/Pods-GoodNews-frameworks-${CONFIGURATION}-input-files.xcfilelist",
			);
			name = "[CP] Embed Pods Frameworks";
			outputFileListPaths = (
				"${PODS_ROOT}/Target Support Files/Pods-GoodNews/Pods-GoodNews-frameworks-${CONFIGURATION}-output-files.xcfilelist",
			);
			runOnlyForDeploymentPostprocessing = 0;
			shellPath = /bin/sh;
			shellScript = "\"${PODS_ROOT}/Target Support Files/Pods-GoodNews/Pods-GoodNews-frameworks.sh\"\n";
			showEnvVarsInLog = 0;
		};
/* End PBXShellScriptBuildPhase section */

/* Begin PBXSourcesBuildPhase section */
		0B01D69E292F8F1600A6F202 /* Sources */ = {
			isa = PBXSourcesBuildPhase;
			buildActionMask = 2147483647;
			files = (
				0BEEBCBE292FF62900DC3844 /* ArticleTableViewCell.swift in Sources */,
				0BEEBCB9292FDCC900DC3844 /* Article.swift in Sources */,
				0B01D6A6292F8F1600A6F202 /* AppDelegate.swift in Sources */,
				0B01D6BA292F917100A6F202 /* GoodNewsTableViewController.swift in Sources */,
				0B01D6A8292F8F1600A6F202 /* SceneDelegate.swift in Sources */,
				0BF77292296DD53A00A1AA0D /* ArticleViewModel.swift in Sources */,
				0BEEBCC0292FFC8200DC3844 /* URLRequest + Ext.swift in Sources */,
			);
			runOnlyForDeploymentPostprocessing = 0;
		};
/* End PBXSourcesBuildPhase section */

/* Begin PBXVariantGroup section */
		0B01D6AB292F8F1600A6F202 /* Main.storyboard */ = {
			isa = PBXVariantGroup;
			children = (
				0B01D6AC292F8F1600A6F202 /* Base */,
			);
			name = Main.storyboard;
			sourceTree = "<group>";
		};
		0B01D6B0292F8F1A00A6F202 /* LaunchScreen.storyboard */ = {
			isa = PBXVariantGroup;
			children = (
				0B01D6B1292F8F1A00A6F202 /* Base */,
			);
			name = LaunchScreen.storyboard;
			sourceTree = "<group>";
		};
/* End PBXVariantGroup section */

/* Begin XCBuildConfiguration section */
		0B01D6B4292F8F1A00A6F202 /* Debug */ = {
			isa = XCBuildConfiguration;
			buildSettings = {
				ALWAYS_SEARCH_USER_PATHS = NO;
				CLANG_ANALYZER_NONNULL = YES;
				CLANG_ANALYZER_NUMBER_OBJECT_CONVERSION = YES_AGGRESSIVE;
				CLANG_CXX_LANGUAGE_STANDARD = "gnu++20";
				CLANG_ENABLE_MODULES = YES;
				CLANG_ENABLE_OBJC_ARC = YES;
				CLANG_ENABLE_OBJC_WEAK = YES;
				CLANG_WARN_BLOCK_CAPTURE_AUTORELEASING = YES;
				CLANG_WARN_BOOL_CONVERSION = YES;
				CLANG_WARN_COMMA = YES;
				CLANG_WARN_CONSTANT_CONVERSION = YES;
				CLANG_WARN_DEPRECATED_OBJC_IMPLEMENTATIONS = YES;
				CLANG_WARN_DIRECT_OBJC_ISA_USAGE = YES_ERROR;
				CLANG_WARN_DOCUMENTATION_COMMENTS = YES;
				CLANG_WARN_EMPTY_BODY = YES;
				CLANG_WARN_ENUM_CONVERSION = YES;
				CLANG_WARN_INFINITE_RECURSION = YES;
				CLANG_WARN_INT_CONVERSION = YES;
				CLANG_WARN_NON_LITERAL_NULL_CONVERSION = YES;
				CLANG_WARN_OBJC_IMPLICIT_RETAIN_SELF = YES;
				CLANG_WARN_OBJC_LITERAL_CONVERSION = YES;
				CLANG_WARN_OBJC_ROOT_CLASS = YES_ERROR;
				CLANG_WARN_QUOTED_INCLUDE_IN_FRAMEWORK_HEADER = YES;
				CLANG_WARN_RANGE_LOOP_ANALYSIS = YES;
				CLANG_WARN_STRICT_PROTOTYPES = YES;
				CLANG_WARN_SUSPICIOUS_MOVE = YES;
				CLANG_WARN_UNGUARDED_AVAILABILITY = YES_AGGRESSIVE;
				CLANG_WARN_UNREACHABLE_CODE = YES;
				CLANG_WARN__DUPLICATE_METHOD_MATCH = YES;
				COPY_PHASE_STRIP = NO;
				DEBUG_INFORMATION_FORMAT = dwarf;
				ENABLE_STRICT_OBJC_MSGSEND = YES;
				ENABLE_TESTABILITY = YES;
				GCC_C_LANGUAGE_STANDARD = gnu11;
				GCC_DYNAMIC_NO_PIC = NO;
				GCC_NO_COMMON_BLOCKS = YES;
				GCC_OPTIMIZATION_LEVEL = 0;
				GCC_PREPROCESSOR_DEFINITIONS = (
					"DEBUG=1",
					"$(inherited)",
				);
				GCC_WARN_64_TO_32_BIT_CONVERSION = YES;
				GCC_WARN_ABOUT_RETURN_TYPE = YES_ERROR;
				GCC_WARN_UNDECLARED_SELECTOR = YES;
				GCC_WARN_UNINITIALIZED_AUTOS = YES_AGGRESSIVE;
				GCC_WARN_UNUSED_FUNCTION = YES;
				GCC_WARN_UNUSED_VARIABLE = YES;
				IPHONEOS_DEPLOYMENT_TARGET = 16.0;
				MTL_ENABLE_DEBUG_INFO = INCLUDE_SOURCE;
				MTL_FAST_MATH = YES;
				ONLY_ACTIVE_ARCH = YES;
				SDKROOT = iphoneos;
				SWIFT_ACTIVE_COMPILATION_CONDITIONS = DEBUG;
				SWIFT_OPTIMIZATION_LEVEL = "-Onone";
			};
			name = Debug;
		};
		0B01D6B5292F8F1A00A6F202 /* Release */ = {
			isa = XCBuildConfiguration;
			buildSettings = {
				ALWAYS_SEARCH_USER_PATHS = NO;
				CLANG_ANALYZER_NONNULL = YES;
				CLANG_ANALYZER_NUMBER_OBJECT_CONVERSION = YES_AGGRESSIVE;
				CLANG_CXX_LANGUAGE_STANDARD = "gnu++20";
				CLANG_ENABLE_MODULES = YES;
				CLANG_ENABLE_OBJC_ARC = YES;
				CLANG_ENABLE_OBJC_WEAK = YES;
				CLANG_WARN_BLOCK_CAPTURE_AUTORELEASING = YES;
				CLANG_WARN_BOOL_CONVERSION = YES;
				CLANG_WARN_COMMA = YES;
				CLANG_WARN_CONSTANT_CONVERSION = YES;
				CLANG_WARN_DEPRECATED_OBJC_IMPLEMENTATIONS = YES;
				CLANG_WARN_DIRECT_OBJC_ISA_USAGE = YES_ERROR;
				CLANG_WARN_DOCUMENTATION_COMMENTS = YES;
				CLANG_WARN_EMPTY_BODY = YES;
				CLANG_WARN_ENUM_CONVERSION = YES;
				CLANG_WARN_INFINITE_RECURSION = YES;
				CLANG_WARN_INT_CONVERSION = YES;
				CLANG_WARN_NON_LITERAL_NULL_CONVERSION = YES;
				CLANG_WARN_OBJC_IMPLICIT_RETAIN_SELF = YES;
				CLANG_WARN_OBJC_LITERAL_CONVERSION = YES;
				CLANG_WARN_OBJC_ROOT_CLASS = YES_ERROR;
				CLANG_WARN_QUOTED_INCLUDE_IN_FRAMEWORK_HEADER = YES;
				CLANG_WARN_RANGE_LOOP_ANALYSIS = YES;
				CLANG_WARN_STRICT_PROTOTYPES = YES;
				CLANG_WARN_SUSPICIOUS_MOVE = YES;
				CLANG_WARN_UNGUARDED_AVAILABILITY = YES_AGGRESSIVE;
				CLANG_WARN_UNREACHABLE_CODE = YES;
				CLANG_WARN__DUPLICATE_METHOD_MATCH = YES;
				COPY_PHASE_STRIP = NO;
				DEBUG_INFORMATION_FORMAT = "dwarf-with-dsym";
				ENABLE_NS_ASSERTIONS = NO;
				ENABLE_STRICT_OBJC_MSGSEND = YES;
				GCC_C_LANGUAGE_STANDARD = gnu11;
				GCC_NO_COMMON_BLOCKS = YES;
				GCC_WARN_64_TO_32_BIT_CONVERSION = YES;
				GCC_WARN_ABOUT_RETURN_TYPE = YES_ERROR;
				GCC_WARN_UNDECLARED_SELECTOR = YES;
				GCC_WARN_UNINITIALIZED_AUTOS = YES_AGGRESSIVE;
				GCC_WARN_UNUSED_FUNCTION = YES;
				GCC_WARN_UNUSED_VARIABLE = YES;
				IPHONEOS_DEPLOYMENT_TARGET = 16.0;
				MTL_ENABLE_DEBUG_INFO = NO;
				MTL_FAST_MATH = YES;
				SDKROOT = iphoneos;
				SWIFT_COMPILATION_MODE = wholemodule;
				SWIFT_OPTIMIZATION_LEVEL = "-O";
				VALIDATE_PRODUCT = YES;
			};
			name = Release;
		};
		0B01D6B7292F8F1A00A6F202 /* Debug */ = {
			isa = XCBuildConfiguration;
			baseConfigurationReference = C4C71683E7F4C30DDD8CE3B8 /* Pods-GoodNews.debug.xcconfig */;
			buildSettings = {
				ASSETCATALOG_COMPILER_APPICON_NAME = AppIcon;
				ASSETCATALOG_COMPILER_GLOBAL_ACCENT_COLOR_NAME = AccentColor;
				CODE_SIGN_STYLE = Automatic;
				CURRENT_PROJECT_VERSION = 1;
				DEVELOPMENT_TEAM = RQ8KR9AX4V;
				GENERATE_INFOPLIST_FILE = YES;
				INFOPLIST_FILE = GoodNews/Info.plist;
				INFOPLIST_KEY_UIApplicationSupportsIndirectInputEvents = YES;
				INFOPLIST_KEY_UILaunchStoryboardName = LaunchScreen;
				INFOPLIST_KEY_UIMainStoryboardFile = Main;
				INFOPLIST_KEY_UIStatusBarStyle = UIStatusBarStyleLightContent;
				INFOPLIST_KEY_UISupportedInterfaceOrientations_iPad = "UIInterfaceOrientationPortrait UIInterfaceOrientationPortraitUpsideDown UIInterfaceOrientationLandscapeLeft UIInterfaceOrientationLandscapeRight";
				INFOPLIST_KEY_UISupportedInterfaceOrientations_iPhone = "UIInterfaceOrientationPortrait UIInterfaceOrientationLandscapeLeft UIInterfaceOrientationLandscapeRight";
				IPHONEOS_DEPLOYMENT_TARGET = 14.0;
				LD_RUNPATH_SEARCH_PATHS = (
					"$(inherited)",
					"@executable_path/Frameworks",
				);
				MARKETING_VERSION = 1.0;
				PRODUCT_BUNDLE_IDENTIFIER = com.olegkirsanov.GoodNews;
				PRODUCT_NAME = "$(TARGET_NAME)";
				SWIFT_EMIT_LOC_STRINGS = YES;
				SWIFT_VERSION = 5.0;
				TARGETED_DEVICE_FAMILY = "1,2";
			};
			name = Debug;
		};
		0B01D6B8292F8F1A00A6F202 /* Release */ = {
			isa = XCBuildConfiguration;
			baseConfigurationReference = 3B9E04ABCBBCBB4F50E8FE2C /* Pods-GoodNews.release.xcconfig */;
			buildSettings = {
				ASSETCATALOG_COMPILER_APPICON_NAME = AppIcon;
				ASSETCATALOG_COMPILER_GLOBAL_ACCENT_COLOR_NAME = AccentColor;
				CODE_SIGN_STYLE = Automatic;
				CURRENT_PROJECT_VERSION = 1;
				DEVELOPMENT_TEAM = RQ8KR9AX4V;
				GENERATE_INFOPLIST_FILE = YES;
				INFOPLIST_FILE = GoodNews/Info.plist;
				INFOPLIST_KEY_UIApplicationSupportsIndirectInputEvents = YES;
				INFOPLIST_KEY_UILaunchStoryboardName = LaunchScreen;
				INFOPLIST_KEY_UIMainStoryboardFile = Main;
				INFOPLIST_KEY_UIStatusBarStyle = UIStatusBarStyleLightContent;
				INFOPLIST_KEY_UISupportedInterfaceOrientations_iPad = "UIInterfaceOrientationPortrait UIInterfaceOrientationPortraitUpsideDown UIInterfaceOrientationLandscapeLeft UIInterfaceOrientationLandscapeRight";
				INFOPLIST_KEY_UISupportedInterfaceOrientations_iPhone = "UIInterfaceOrientationPortrait UIInterfaceOrientationLandscapeLeft UIInterfaceOrientationLandscapeRight";
				IPHONEOS_DEPLOYMENT_TARGET = 14.0;
				LD_RUNPATH_SEARCH_PATHS = (
					"$(inherited)",
					"@executable_path/Frameworks",
				);
				MARKETING_VERSION = 1.0;
				PRODUCT_BUNDLE_IDENTIFIER = com.olegkirsanov.GoodNews;
				PRODUCT_NAME = "$(TARGET_NAME)";
				SWIFT_EMIT_LOC_STRINGS = YES;
				SWIFT_VERSION = 5.0;
				TARGETED_DEVICE_FAMILY = "1,2";
			};
			name = Release;
		};
/* End XCBuildConfiguration section */

/* Begin XCConfigurationList section */
		0B01D69D292F8F1600A6F202 /* Build configuration list for PBXProject "GoodNews" */ = {
			isa = XCConfigurationList;
			buildConfigurations = (
				0B01D6B4292F8F1A00A6F202 /* Debug */,
				0B01D6B5292F8F1A00A6F202 /* Release */,
			);
			defaultConfigurationIsVisible = 0;
			defaultConfigurationName = Release;
		};
		0B01D6B6292F8F1A00A6F202 /* Build configuration list for PBXNativeTarget "GoodNews" */ = {
			isa = XCConfigurationList;
			buildConfigurations = (
				0B01D6B7292F8F1A00A6F202 /* Debug */,
				0B01D6B8292F8F1A00A6F202 /* Release */,
			);
			defaultConfigurationIsVisible = 0;
			defaultConfigurationName = Release;
		};
/* End XCConfigurationList section */
	};
	rootObject = 0B01D69A292F8F1600A6F202 /* Project object */;
}
